// !$*UTF8*$!
{
	archiveVersion = 1;
	classes = {
	};
	objectVersion = 46;
	objects = {

/* Begin PBXBuildFile section */
		FF5687081AFC6BC900A8813E /* AppDelegate.swift in Sources */ = {isa = PBXBuildFile; fileRef = FF5687071AFC6BC900A8813E /* AppDelegate.swift */; };
		FF56870A1AFC6BC900A8813E /* ViewController.swift in Sources */ = {isa = PBXBuildFile; fileRef = FF5687091AFC6BC900A8813E /* ViewController.swift */; };
		FF56870D1AFC6BC900A8813E /* Main.storyboard in Resources */ = {isa = PBXBuildFile; fileRef = FF56870B1AFC6BC900A8813E /* Main.storyboard */; };
		FF56870F1AFC6BC900A8813E /* Images.xcassets in Resources */ = {isa = PBXBuildFile; fileRef = FF56870E1AFC6BC900A8813E /* Images.xcassets */; };
		FF5687121AFC6BC900A8813E /* LaunchScreen.xib in Resources */ = {isa = PBXBuildFile; fileRef = FF5687101AFC6BC900A8813E /* LaunchScreen.xib */; };
		FF56871E1AFC6BC900A8813E /* PostCardTests.swift in Sources */ = {isa = PBXBuildFile; fileRef = FF56871D1AFC6BC900A8813E /* PostCardTests.swift */; };
/* End PBXBuildFile section */

/* Begin PBXContainerItemProxy section */
		FF5687181AFC6BC900A8813E /* PBXContainerItemProxy */ = {
			isa = PBXContainerItemProxy;
			containerPortal = FF5686FA1AFC6BC900A8813E /* Project object */;
			proxyType = 1;
			remoteGlobalIDString = FF5687011AFC6BC900A8813E;
			remoteInfo = PostCard;
		};
/* End PBXContainerItemProxy section */

/* Begin PBXFileReference section */
		FF5687021AFC6BC900A8813E /* PostCard.app */ = {isa = PBXFileReference; explicitFileType = wrapper.application; includeInIndex = 0; path = PostCard.app; sourceTree = BUILT_PRODUCTS_DIR; };
		FF5687061AFC6BC900A8813E /* Info.plist */ = {isa = PBXFileReference; lastKnownFileType = text.plist.xml; path = Info.plist; sourceTree = "<group>"; };
		FF5687071AFC6BC900A8813E /* AppDelegate.swift */ = {isa = PBXFileReference; lastKnownFileType = sourcecode.swift; path = AppDelegate.swift; sourceTree = "<group>"; };
		FF5687091AFC6BC900A8813E /* ViewController.swift */ = {isa = PBXFileReference; lastKnownFileType = sourcecode.swift; path = ViewController.swift; sourceTree = "<group>"; };
		FF56870C1AFC6BC900A8813E /* Base */ = {isa = PBXFileReference; lastKnownFileType = file.storyboard; name = Base; path = Base.lproj/Main.storyboard; sourceTree = "<group>"; };
		FF56870E1AFC6BC900A8813E /* Images.xcassets */ = {isa = PBXFileReference; lastKnownFileType = folder.assetcatalog; path = Images.xcassets; sourceTree = "<group>"; };
		FF5687111AFC6BC900A8813E /* Base */ = {isa = PBXFileReference; lastKnownFileType = file.xib; name = Base; path = Base.lproj/LaunchScreen.xib; sourceTree = "<group>"; };
		FF5687171AFC6BC900A8813E /* PostCardTests.xctest */ = {isa = PBXFileReference; explicitFileType = wrapper.cfbundle; includeInIndex = 0; path = PostCardTests.xctest; sourceTree = BUILT_PRODUCTS_DIR; };
		FF56871C1AFC6BC900A8813E /* Info.plist */ = {isa = PBXFileReference; lastKnownFileType = text.plist.xml; path = Info.plist; sourceTree = "<group>"; };
		FF56871D1AFC6BC900A8813E /* PostCardTests.swift */ = {isa = PBXFileReference; lastKnownFileType = sourcecode.swift; path = PostCardTests.swift; sourceTree = "<group>"; };
/* End PBXFileReference section */

/* Begin PBXFrameworksBuildPhase section */
		FF5686FF1AFC6BC900A8813E /* Frameworks */ = {
			isa = PBXFrameworksBuildPhase;
			buildActionMask = 2147483647;
			files = (
			);
			runOnlyForDeploymentPostprocessing = 0;
		};
		FF5687141AFC6BC900A8813E /* Frameworks */ = {
			isa = PBXFrameworksBuildPhase;
			buildActionMask = 2147483647;
			files = (
			);
			runOnlyForDeploymentPostprocessing = 0;
		};
/* End PBXFrameworksBuildPhase section */

/* Begin PBXGroup section */
		FF5686F91AFC6BC900A8813E = {
			isa = PBXGroup;
			children = (
				FF5687041AFC6BC900A8813E /* PostCard */,
				FF56871A1AFC6BC900A8813E /* PostCardTests */,
				FF5687031AFC6BC900A8813E /* Products */,
			);
			sourceTree = "<group>";
		};
		FF5687031AFC6BC900A8813E /* Products */ = {
			isa = PBXGroup;
			children = (
				FF5687021AFC6BC900A8813E /* PostCard.app */,
				FF5687171AFC6BC900A8813E /* PostCardTests.xctest */,
			);
			name = Products;
			sourceTree = "<group>";
		};
		FF5687041AFC6BC900A8813E /* PostCard */ = {
			isa = PBXGroup;
			children = (
				FF5687071AFC6BC900A8813E /* AppDelegate.swift */,
				FF5687091AFC6BC900A8813E /* ViewController.swift */,
				FF56870B1AFC6BC900A8813E /* Main.storyboard */,
				FF56870E1AFC6BC900A8813E /* Images.xcassets */,
				FF5687101AFC6BC900A8813E /* LaunchScreen.xib */,
				FF5687051AFC6BC900A8813E /* Supporting Files */,
			);
			path = PostCard;
			sourceTree = "<group>";
		};
		FF5687051AFC6BC900A8813E /* Supporting Files */ = {
			isa = PBXGroup;
			children = (
				FF5687061AFC6BC900A8813E /* Info.plist */,
			);
			name = "Supporting Files";
			sourceTree = "<group>";
		};
		FF56871A1AFC6BC900A8813E /* PostCardTests */ = {
			isa = PBXGroup;
			children = (
				FF56871D1AFC6BC900A8813E /* PostCardTests.swift */,
				FF56871B1AFC6BC900A8813E /* Supporting Files */,
			);
			path = PostCardTests;
			sourceTree = "<group>";
		};
		FF56871B1AFC6BC900A8813E /* Supporting Files */ = {
			isa = PBXGroup;
			children = (
				FF56871C1AFC6BC900A8813E /* Info.plist */,
			);
			name = "Supporting Files";
			sourceTree = "<group>";
		};
/* End PBXGroup section */

/* Begin PBXNativeTarget section */
		FF5687011AFC6BC900A8813E /* PostCard */ = {
			isa = PBXNativeTarget;
			buildConfigurationList = FF5687211AFC6BC900A8813E /* Build configuration list for PBXNativeTarget "PostCard" */;
			buildPhases = (
				FF5686FE1AFC6BC900A8813E /* Sources */,
				FF5686FF1AFC6BC900A8813E /* Frameworks */,
				FF5687001AFC6BC900A8813E /* Resources */,
			);
			buildRules = (
			);
			dependencies = (
			);
			name = PostCard;
			productName = PostCard;
			productReference = FF5687021AFC6BC900A8813E /* PostCard.app */;
			productType = "com.apple.product-type.application";
		};
		FF5687161AFC6BC900A8813E /* PostCardTests */ = {
			isa = PBXNativeTarget;
			buildConfigurationList = FF5687241AFC6BC900A8813E /* Build configuration list for PBXNativeTarget "PostCardTests" */;
			buildPhases = (
				FF5687131AFC6BC900A8813E /* Sources */,
				FF5687141AFC6BC900A8813E /* Frameworks */,
				FF5687151AFC6BC900A8813E /* Resources */,
			);
			buildRules = (
			);
			dependencies = (
				FF5687191AFC6BC900A8813E /* PBXTargetDependency */,
			);
			name = PostCardTests;
			productName = PostCardTests;
			productReference = FF5687171AFC6BC900A8813E /* PostCardTests.xctest */;
			productType = "com.apple.product-type.bundle.unit-test";
		};
/* End PBXNativeTarget section */

/* Begin PBXProject section */
		FF5686FA1AFC6BC900A8813E /* Project object */ = {
			isa = PBXProject;
			attributes = {
				LastUpgradeCheck = 0610;
				ORGANIZATIONNAME = "Janan Rajaratnam";
				TargetAttributes = {
					FF5687011AFC6BC900A8813E = {
						CreatedOnToolsVersion = 6.1.1;
					};
					FF5687161AFC6BC900A8813E = {
						CreatedOnToolsVersion = 6.1.1;
						TestTargetID = FF5687011AFC6BC900A8813E;
					};
				};
			};
			buildConfigurationList = FF5686FD1AFC6BC900A8813E /* Build configuration list for PBXProject "PostCard" */;
			compatibilityVersion = "Xcode 3.2";
			developmentRegion = English;
			hasScannedForEncodings = 0;
			knownRegions = (
				en,
				Base,
			);
			mainGroup = FF5686F91AFC6BC900A8813E;
			productRefGroup = FF5687031AFC6BC900A8813E /* Products */;
			projectDirPath = "";
			projectRoot = "";
			targets = (
				FF5687011AFC6BC900A8813E /* PostCard */,
				FF5687161AFC6BC900A8813E /* PostCardTests */,
			);
		};
/* End PBXProject section */

/* Begin PBXResourcesBuildPhase section */
		FF5687001AFC6BC900A8813E /* Resources */ = {
			isa = PBXResourcesBuildPhase;
			buildActionMask = 2147483647;
			files = (
				FF56870D1AFC6BC900A8813E /* Main.storyboard in Resources */,
				FF5687121AFC6BC900A8813E /* LaunchScreen.xib in Resources */,
				FF56870F1AFC6BC900A8813E /* Images.xcassets in Resources */,
			);
			runOnlyForDeploymentPostprocessing = 0;
		};
		FF5687151AFC6BC900A8813E /* Resources */ = {
			isa = PBXResourcesBuildPhase;
			buildActionMask = 2147483647;
			files = (
			);
			runOnlyForDeploymentPostprocessing = 0;
		};
/* End PBXResourcesBuildPhase section */

/* Begin PBXSourcesBuildPhase section */
		FF5686FE1AFC6BC900A8813E /* Sources */ = {
			isa = PBXSourcesBuildPhase;
			buildActionMask = 2147483647;
			files = (
				FF56870A1AFC6BC900A8813E /* ViewController.swift in Sources */,
				FF5687081AFC6BC900A8813E /* AppDelegate.swift in Sources */,
			);
			runOnlyForDeploymentPostprocessing = 0;
		};
		FF5687131AFC6BC900A8813E /* Sources */ = {
			isa = PBXSourcesBuildPhase;
			buildActionMask = 2147483647;
			files = (
				FF56871E1AFC6BC900A8813E /* PostCardTests.swift in Sources */,
			);
			runOnlyForDeploymentPostprocessing = 0;
		};
/* End PBXSourcesBuildPhase section */

/* Begin PBXTargetDependency section */
		FF5687191AFC6BC900A8813E /* PBXTargetDependency */ = {
			isa = PBXTargetDependency;
			target = FF5687011AFC6BC900A8813E /* PostCard */;
			targetProxy = FF5687181AFC6BC900A8813E /* PBXContainerItemProxy */;
		};
/* End PBXTargetDependency section */

/* Begin PBXVariantGroup section */
		FF56870B1AFC6BC900A8813E /* Main.storyboard */ = {
			isa = PBXVariantGroup;
			children = (
				FF56870C1AFC6BC900A8813E /* Base */,
			);
			name = Main.storyboard;
			sourceTree = "<group>";
		};
		FF5687101AFC6BC900A8813E /* LaunchScreen.xib */ = {
			isa = PBXVariantGroup;
			children = (
				FF5687111AFC6BC900A8813E /* Base */,
			);
			name = LaunchScreen.xib;
			sourceTree = "<group>";
		};
/* End PBXVariantGroup section */

/* Begin XCBuildConfiguration section */
		FF56871F1AFC6BC900A8813E /* Debug */ = {
			isa = XCBuildConfiguration;
			buildSettings = {
				ALWAYS_SEARCH_USER_PATHS = NO;
				CLANG_CXX_LANGUAGE_STANDARD = "gnu++0x";
				CLANG_CXX_LIBRARY = "libc++";
				CLANG_ENABLE_MODULES = YES;
				CLANG_ENABLE_OBJC_ARC = YES;
				CLANG_WARN_BOOL_CONVERSION = YES;
				CLANG_WARN_CONSTANT_CONVERSION = YES;
				CLANG_WARN_DIRECT_OBJC_ISA_USAGE = YES_ERROR;
				CLANG_WARN_EMPTY_BODY = YES;
				CLANG_WARN_ENUM_CONVERSION = YES;
				CLANG_WARN_INT_CONVERSION = YES;
				CLANG_WARN_OBJC_ROOT_CLASS = YES_ERROR;
				CLANG_WARN_UNREACHABLE_CODE = YES;
				CLANG_WARN__DUPLICATE_METHOD_MATCH = YES;
				"CODE_SIGN_IDENTITY[sdk=iphoneos*]" = "iPhone Developer";
				COPY_PHASE_STRIP = NO;
				ENABLE_STRICT_OBJC_MSGSEND = YES;
				GCC_C_LANGUAGE_STANDARD = gnu99;
				GCC_DYNAMIC_NO_PIC = NO;
				GCC_OPTIMIZATION_LEVEL = 0;
				GCC_PREPROCESSOR_DEFINITIONS = (
					"DEBUG=1",
					"$(inherited)",
				);
				GCC_SYMBOLS_PRIVATE_EXTERN = NO;
				GCC_WARN_64_TO_32_BIT_CONVERSION = YES;
				GCC_WARN_ABOUT_RETURN_TYPE = YES_ERROR;
				GCC_WARN_UNDECLARED_SELECTOR = YES;
				GCC_WARN_UNINITIALIZED_AUTOS = YES_AGGRESSIVE;
				GCC_WARN_UNUSED_FUNCTION = YES;
				GCC_WARN_UNUSED_VARIABLE = YES;
				IPHONEOS_DEPLOYMENT_TARGET = 8.1;
				MTL_ENABLE_DEBUG_INFO = YES;
				ONLY_ACTIVE_ARCH = YES;
				SDKROOT = iphoneos;
				SWIFT_OPTIMIZATION_LEVEL = "-Onone";
				TARGETED_DEVICE_FAMILY = "1,2";
			};
			name = Debug;
		};
		FF5687201AFC6BC900A8813E /* Release */ = {
			isa = XCBuildConfiguration;
			buildSettings = {
				ALWAYS_SEARCH_USER_PATHS = NO;
				CLANG_CXX_LANGUAGE_STANDARD = "gnu++0x";
				CLANG_CXX_LIBRARY = "libc++";
				CLANG_ENABLE_MODULES = YES;
				CLANG_ENABLE_OBJC_ARC = YES;
				CLANG_WARN_BOOL_CONVERSION = YES;
				CLANG_WARN_CONSTANT_CONVERSION = YES;
				CLANG_WARN_DIRECT_OBJC_ISA_USAGE = YES_ERROR;
				CLANG_WARN_EMPTY_BODY = YES;
				CLANG_WARN_ENUM_CONVERSION = YES;
				CLANG_WARN_INT_CONVERSION = YES;
				CLANG_WARN_OBJC_ROOT_CLASS = YES_ERROR;
				CLANG_WARN_UNREACHABLE_CODE = YES;
				CLANG_WARN__DUPLICATE_METHOD_MATCH = YES;
				"CODE_SIGN_IDENTITY[sdk=iphoneos*]" = "iPhone Developer";
				COPY_PHASE_STRIP = YES;
				ENABLE_NS_ASSERTIONS = NO;
				ENABLE_STRICT_OBJC_MSGSEND = YES;
				GCC_C_LANGUAGE_STANDARD = gnu99;
				GCC_WARN_64_TO_32_BIT_CONVERSION = YES;
				GCC_WARN_ABOUT_RETURN_TYPE = YES_ERROR;
				GCC_WARN_UNDECLARED_SELECTOR = YES;
				GCC_WARN_UNINITIALIZED_AUTOS = YES_AGGRESSIVE;
				GCC_WARN_UNUSED_FUNCTION = YES;
				GCC_WARN_UNUSED_VARIABLE = YES;
				IPHONEOS_DEPLOYMENT_TARGET = 8.1;
				MTL_ENABLE_DEBUG_INFO = NO;
				SDKROOT = iphoneos;
				TARGETED_DEVICE_FAMILY = "1,2";
				VALIDATE_PRODUCT = YES;
			};
			name = Release;
		};
		FF5687221AFC6BC900A8813E /* Debug */ = {
			isa = XCBuildConfiguration;
			buildSettings = {
				ASSETCATALOG_COMPILER_APPICON_NAME = AppIcon;
				INFOPLIST_FILE = PostCard/Info.plist;
				LD_RUNPATH_SEARCH_PATHS = "$(inherited) @executable_path/Frameworks";
				PRODUCT_NAME = "$(TARGET_NAME)";
			};
			name = Debug;
		};
		FF5687231AFC6BC900A8813E /* Release */ = {
			isa = XCBuildConfiguration;
			buildSettings = {
				ASSETCATALOG_COMPILER_APPICON_NAME = AppIcon;
				INFOPLIST_FILE = PostCard/Info.plist;
				LD_RUNPATH_SEARCH_PATHS = "$(inherited) @executable_path/Frameworks";
				PRODUCT_NAME = "$(TARGET_NAME)";
			};
			name = Release;
		};
		FF5687251AFC6BC900A8813E /* Debug */ = {
			isa = XCBuildConfiguration;
			buildSettings = {
				BUNDLE_LOADER = "$(TEST_HOST)";
				FRAMEWORK_SEARCH_PATHS = (
					"$(SDKROOT)/Developer/Library/Frameworks",
					"$(inherited)",
				);
				GCC_PREPROCESSOR_DEFINITIONS = (
					"DEBUG=1",
					"$(inherited)",
				);
				INFOPLIST_FILE = PostCardTests/Info.plist;
				LD_RUNPATH_SEARCH_PATHS = "$(inherited) @executable_path/Frameworks @loader_path/Frameworks";
				PRODUCT_NAME = "$(TARGET_NAME)";
				TEST_HOST = "$(BUILT_PRODUCTS_DIR)/PostCard.app/PostCard";
			};
			name = Debug;
		};
		FF5687261AFC6BC900A8813E /* Release */ = {
			isa = XCBuildConfiguration;
			buildSettings = {
				BUNDLE_LOADER = "$(TEST_HOST)";
				FRAMEWORK_SEARCH_PATHS = (
					"$(SDKROOT)/Developer/Library/Frameworks",
					"$(inherited)",
				);
				INFOPLIST_FILE = PostCardTests/Info.plist;
				LD_RUNPATH_SEARCH_PATHS = "$(inherited) @executable_path/Frameworks @loader_path/Frameworks";
				PRODUCT_NAME = "$(TARGET_NAME)";
				TEST_HOST = "$(BUILT_PRODUCTS_DIR)/PostCard.app/PostCard";
			};
			name = Release;
		};
/* End XCBuildConfiguration section */

/* Begin XCConfigurationList section */
		FF5686FD1AFC6BC900A8813E /* Build configuration list for PBXProject "PostCard" */ = {
			isa = XCConfigurationList;
			buildConfigurations = (
				FF56871F1AFC6BC900A8813E /* Debug */,
				FF5687201AFC6BC900A8813E /* Release */,
			);
			defaultConfigurationIsVisible = 0;
			defaultConfigurationName = Release;
		};
		FF5687211AFC6BC900A8813E /* Build configuration list for PBXNativeTarget "PostCard" */ = {
			isa = XCConfigurationList;
			buildConfigurations = (
				FF5687221AFC6BC900A8813E /* Debug */,
				FF5687231AFC6BC900A8813E /* Release */,
			);
			defaultConfigurationIsVisible = 0;
		};
		FF5687241AFC6BC900A8813E /* Build configuration list for PBXNativeTarget "PostCardTests" */ = {
			isa = XCConfigurationList;
			buildConfigurations = (
				FF5687251AFC6BC900A8813E /* Debug */,
				FF5687261AFC6BC900A8813E /* Release */,
			);
			defaultConfigurationIsVisible = 0;
		};
/* End XCConfigurationList section */
	};
	rootObject = FF5686FA1AFC6BC900A8813E /* Project object */;
}
